// !$*UTF8*$!
{
	archiveVersion = 1;
	classes = {
	};
	objectVersion = 46;
	objects = {

/* Begin PBXBuildFile section */
		06843EAE0B97FE50BCA1B7C8 /* Pods_TinTinApp_iOS.framework in Frameworks */ = {isa = PBXBuildFile; fileRef = FF36E979509732626BF1B784 /* Pods_TinTinApp_iOS.framework */; };
		6C004BD41EC18D5C004BC3A6 /* AppDelegate.swift in Sources */ = {isa = PBXBuildFile; fileRef = 6C004BD31EC18D5C004BC3A6 /* AppDelegate.swift */; };
		6C004BD91EC18D5C004BC3A6 /* Main.storyboard in Resources */ = {isa = PBXBuildFile; fileRef = 6C004BD71EC18D5C004BC3A6 /* Main.storyboard */; };
		6C004BDE1EC18D5C004BC3A6 /* LaunchScreen.storyboard in Resources */ = {isa = PBXBuildFile; fileRef = 6C004BDC1EC18D5C004BC3A6 /* LaunchScreen.storyboard */; };
		6C004BE91EC18D5D004BC3A6 /* TinTinApp_iOSTests.swift in Sources */ = {isa = PBXBuildFile; fileRef = 6C004BE81EC18D5D004BC3A6 /* TinTinApp_iOSTests.swift */; };
		6C004BF41EC18D5D004BC3A6 /* TinTinApp_iOSUITests.swift in Sources */ = {isa = PBXBuildFile; fileRef = 6C004BF31EC18D5D004BC3A6 /* TinTinApp_iOSUITests.swift */; };
		6C004C021EC190C9004BC3A6 /* Podfile in Resources */ = {isa = PBXBuildFile; fileRef = 6C004C011EC190C9004BC3A6 /* Podfile */; };
		6C0474FB1ED3CFFE008ECBBB /* Utility.swift in Sources */ = {isa = PBXBuildFile; fileRef = 6C0474FA1ED3CFFE008ECBBB /* Utility.swift */; };
		6C4CF8101ED2BF5D008E0A99 /* EventVC.swift in Sources */ = {isa = PBXBuildFile; fileRef = 6C4CF80F1ED2BF5D008E0A99 /* EventVC.swift */; };
		6C4CF8121ED2C681008E0A99 /* EventModel.swift in Sources */ = {isa = PBXBuildFile; fileRef = 6C4CF8111ED2C681008E0A99 /* EventModel.swift */; };
		6C4CF8211ED2CF19008E0A99 /* DMVC.swift in Sources */ = {isa = PBXBuildFile; fileRef = 6C4CF8201ED2CF19008E0A99 /* DMVC.swift */; };
		6C8010891ECC463A0014E6E1 /* ShopListContainerVC.swift in Sources */ = {isa = PBXBuildFile; fileRef = 6C8010881ECC463A0014E6E1 /* ShopListContainerVC.swift */; };
		6C80108B1ECC4BA20014E6E1 /* EmptySegue.swift in Sources */ = {isa = PBXBuildFile; fileRef = 6C80108A1ECC4BA20014E6E1 /* EmptySegue.swift */; };
		6C80108D1ECC4DD30014E6E1 /* ContainerViewController.swift in Sources */ = {isa = PBXBuildFile; fileRef = 6C80108C1ECC4DD30014E6E1 /* ContainerViewController.swift */; };
		6CA390721EC94F8F00067B70 /* ShopTableViewCell.swift in Sources */ = {isa = PBXBuildFile; fileRef = 6CA390711EC94F8F00067B70 /* ShopTableViewCell.swift */; };
		6CA745EC1EDFB89A00029834 /* SalesVC.swift in Sources */ = {isa = PBXBuildFile; fileRef = 6CA745EB1EDFB89A00029834 /* SalesVC.swift */; };
		6CA745F01EDFF12100029834 /* SalesItemModel.swift in Sources */ = {isa = PBXBuildFile; fileRef = 6CA745EF1EDFF12100029834 /* SalesItemModel.swift */; };
		6CA745F31EE00AF000029834 /* SalesItemViewCell.swift in Sources */ = {isa = PBXBuildFile; fileRef = 6CA745F21EE00AF000029834 /* SalesItemViewCell.swift */; };
		6CB20BA51ECD6F6F005761B1 /* ShopMapContainerVC.swift in Sources */ = {isa = PBXBuildFile; fileRef = 6CB20BA41ECD6F6F005761B1 /* ShopMapContainerVC.swift */; };
		6CB589AA1EDE93C200D9B759 /* ImageSlideshow.bundle in Embed PlugIns */ = {isa = PBXBuildFile; fileRef = 6CB589A81EDE93C200D9B759 /* ImageSlideshow.bundle */; settings = {ATTRIBUTES = (CodeSignOnCopy, RemoveHeadersOnCopy, ); }; };
		6CB589AB1EDE93C200D9B759 /* ImageSlideshow.framework in Frameworks */ = {isa = PBXBuildFile; fileRef = 6CB589A91EDE93C200D9B759 /* ImageSlideshow.framework */; };
		6CB589AC1EDE93C200D9B759 /* ImageSlideshow.framework in Embed Frameworks */ = {isa = PBXBuildFile; fileRef = 6CB589A91EDE93C200D9B759 /* ImageSlideshow.framework */; settings = {ATTRIBUTES = (CodeSignOnCopy, RemoveHeadersOnCopy, ); }; };
		6CCF5EBF1EC2A18800D1CDE7 /* BaseViewController.swift in Sources */ = {isa = PBXBuildFile; fileRef = 6CCF5EBE1EC2A18800D1CDE7 /* BaseViewController.swift */; };
		6CCF5EC11EC2A1D100D1CDE7 /* MenuViewController.swift in Sources */ = {isa = PBXBuildFile; fileRef = 6CCF5EC01EC2A1D100D1CDE7 /* MenuViewController.swift */; };
		6CCF5EC31EC2A24F00D1CDE7 /* HomeVC.swift in Sources */ = {isa = PBXBuildFile; fileRef = 6CCF5EC21EC2A24F00D1CDE7 /* HomeVC.swift */; };
		6CCF5EC51EC2A27900D1CDE7 /* ShopVC.swift in Sources */ = {isa = PBXBuildFile; fileRef = 6CCF5EC41EC2A27900D1CDE7 /* ShopVC.swift */; };
		6CCF5EC71EC2A5D500D1CDE7 /* WebVC.swift in Sources */ = {isa = PBXBuildFile; fileRef = 6CCF5EC61EC2A5D500D1CDE7 /* WebVC.swift */; };
		6CD772981EC43A7400568288 /* ShopLocModel.swift in Sources */ = {isa = PBXBuildFile; fileRef = 6CD772971EC43A7400568288 /* ShopLocModel.swift */; };
		6CD9CF9B1ECE93BC004503C3 /* ShopOneMapVC.swift in Sources */ = {isa = PBXBuildFile; fileRef = 6CD9CF9A1ECE93BC004503C3 /* ShopOneMapVC.swift */; };
		6CD9CFA31ECEA0EE004503C3 /* Asset.xcassets in Resources */ = {isa = PBXBuildFile; fileRef = 6CD9CFA21ECEA0EE004503C3 /* Asset.xcassets */; };
		6CDDD54B1ED57D6F007342ED /* NavigationVC.swift in Sources */ = {isa = PBXBuildFile; fileRef = 6CDDD54A1ED57D6F007342ED /* NavigationVC.swift */; };
		6CE43D311ED92D64009D1010 /* EventViewCell.swift in Sources */ = {isa = PBXBuildFile; fileRef = 6CE43D301ED92D64009D1010 /* EventViewCell.swift */; };
		D1AF088E4268D020E18B95A3 /* Pods_TinTinApp_iOSUITests.framework in Frameworks */ = {isa = PBXBuildFile; fileRef = B409486FD07F07B3A3EB2D25 /* Pods_TinTinApp_iOSUITests.framework */; };
		F166A72BAE19FBA124D4C97E /* Pods_TinTinApp_iOSTests.framework in Frameworks */ = {isa = PBXBuildFile; fileRef = DA0787E9A66AA6430727AF39 /* Pods_TinTinApp_iOSTests.framework */; };
/* End PBXBuildFile section */

/* Begin PBXContainerItemProxy section */
		6C004BE51EC18D5D004BC3A6 /* PBXContainerItemProxy */ = {
			isa = PBXContainerItemProxy;
			containerPortal = 6C004BC81EC18D5C004BC3A6 /* Project object */;
			proxyType = 1;
			remoteGlobalIDString = 6C004BCF1EC18D5C004BC3A6;
			remoteInfo = TinTinApp_iOS;
		};
		6C004BF01EC18D5D004BC3A6 /* PBXContainerItemProxy */ = {
			isa = PBXContainerItemProxy;
			containerPortal = 6C004BC81EC18D5C004BC3A6 /* Project object */;
			proxyType = 1;
			remoteGlobalIDString = 6C004BCF1EC18D5C004BC3A6;
			remoteInfo = TinTinApp_iOS;
		};
/* End PBXContainerItemProxy section */

/* Begin PBXCopyFilesBuildPhase section */
		6CB589AD1EDE93C200D9B759 /* Embed PlugIns */ = {
			isa = PBXCopyFilesBuildPhase;
			buildActionMask = 2147483647;
			dstPath = "";
			dstSubfolderSpec = 13;
			files = (
				6CB589AA1EDE93C200D9B759 /* ImageSlideshow.bundle in Embed PlugIns */,
			);
			name = "Embed PlugIns";
			runOnlyForDeploymentPostprocessing = 0;
		};
		6CB589AE1EDE93C200D9B759 /* Embed Frameworks */ = {
			isa = PBXCopyFilesBuildPhase;
			buildActionMask = 2147483647;
			dstPath = "";
			dstSubfolderSpec = 10;
			files = (
				6CB589AC1EDE93C200D9B759 /* ImageSlideshow.framework in Embed Frameworks */,
			);
			name = "Embed Frameworks";
			runOnlyForDeploymentPostprocessing = 0;
		};
/* End PBXCopyFilesBuildPhase section */

/* Begin PBXFileReference section */
		2A6A580ED84BFF3C9BD02E80 /* Pods-TinTinApp_iOS.debug.xcconfig */ = {isa = PBXFileReference; includeInIndex = 1; lastKnownFileType = text.xcconfig; name = "Pods-TinTinApp_iOS.debug.xcconfig"; path = "Pods/Target Support Files/Pods-TinTinApp_iOS/Pods-TinTinApp_iOS.debug.xcconfig"; sourceTree = "<group>"; };
		4BA1D1449FF02A7DD7FED737 /* Pods-TinTinApp_iOSUITests.release.xcconfig */ = {isa = PBXFileReference; includeInIndex = 1; lastKnownFileType = text.xcconfig; name = "Pods-TinTinApp_iOSUITests.release.xcconfig"; path = "Pods/Target Support Files/Pods-TinTinApp_iOSUITests/Pods-TinTinApp_iOSUITests.release.xcconfig"; sourceTree = "<group>"; };
		6C004BD01EC18D5C004BC3A6 /* TinTinApp_iOS.app */ = {isa = PBXFileReference; explicitFileType = wrapper.application; includeInIndex = 0; path = TinTinApp_iOS.app; sourceTree = BUILT_PRODUCTS_DIR; };
		6C004BD31EC18D5C004BC3A6 /* AppDelegate.swift */ = {isa = PBXFileReference; lastKnownFileType = sourcecode.swift; path = AppDelegate.swift; sourceTree = "<group>"; };
		6C004BD81EC18D5C004BC3A6 /* Base */ = {isa = PBXFileReference; lastKnownFileType = file.storyboard; name = Base; path = Base.lproj/Main.storyboard; sourceTree = "<group>"; };
		6C004BDD1EC18D5C004BC3A6 /* Base */ = {isa = PBXFileReference; lastKnownFileType = file.storyboard; name = Base; path = Base.lproj/LaunchScreen.storyboard; sourceTree = "<group>"; };
		6C004BDF1EC18D5C004BC3A6 /* Info.plist */ = {isa = PBXFileReference; lastKnownFileType = text.plist.xml; path = Info.plist; sourceTree = "<group>"; };
		6C004BE41EC18D5D004BC3A6 /* TinTinApp_iOSTests.xctest */ = {isa = PBXFileReference; explicitFileType = wrapper.cfbundle; includeInIndex = 0; path = TinTinApp_iOSTests.xctest; sourceTree = BUILT_PRODUCTS_DIR; };
		6C004BE81EC18D5D004BC3A6 /* TinTinApp_iOSTests.swift */ = {isa = PBXFileReference; lastKnownFileType = sourcecode.swift; path = TinTinApp_iOSTests.swift; sourceTree = "<group>"; };
		6C004BEA1EC18D5D004BC3A6 /* Info.plist */ = {isa = PBXFileReference; lastKnownFileType = text.plist.xml; path = Info.plist; sourceTree = "<group>"; };
		6C004BEF1EC18D5D004BC3A6 /* TinTinApp_iOSUITests.xctest */ = {isa = PBXFileReference; explicitFileType = wrapper.cfbundle; includeInIndex = 0; path = TinTinApp_iOSUITests.xctest; sourceTree = BUILT_PRODUCTS_DIR; };
		6C004BF31EC18D5D004BC3A6 /* TinTinApp_iOSUITests.swift */ = {isa = PBXFileReference; lastKnownFileType = sourcecode.swift; path = TinTinApp_iOSUITests.swift; sourceTree = "<group>"; };
		6C004BF51EC18D5D004BC3A6 /* Info.plist */ = {isa = PBXFileReference; lastKnownFileType = text.plist.xml; path = Info.plist; sourceTree = "<group>"; };
		6C004C011EC190C9004BC3A6 /* Podfile */ = {isa = PBXFileReference; fileEncoding = 4; lastKnownFileType = text; path = Podfile; sourceTree = "<group>"; xcLanguageSpecificationIdentifier = xcode.lang.ruby; };
		6C0474FA1ED3CFFE008ECBBB /* Utility.swift */ = {isa = PBXFileReference; fileEncoding = 4; lastKnownFileType = sourcecode.swift; path = Utility.swift; sourceTree = "<group>"; };
		6C4CF80F1ED2BF5D008E0A99 /* EventVC.swift */ = {isa = PBXFileReference; fileEncoding = 4; lastKnownFileType = sourcecode.swift; path = EventVC.swift; sourceTree = "<group>"; };
		6C4CF8111ED2C681008E0A99 /* EventModel.swift */ = {isa = PBXFileReference; fileEncoding = 4; lastKnownFileType = sourcecode.swift; path = EventModel.swift; sourceTree = "<group>"; };
		6C4CF8201ED2CF19008E0A99 /* DMVC.swift */ = {isa = PBXFileReference; fileEncoding = 4; lastKnownFileType = sourcecode.swift; path = DMVC.swift; sourceTree = "<group>"; };
		6C8010881ECC463A0014E6E1 /* ShopListContainerVC.swift */ = {isa = PBXFileReference; fileEncoding = 4; lastKnownFileType = sourcecode.swift; path = ShopListContainerVC.swift; sourceTree = "<group>"; };
		6C80108A1ECC4BA20014E6E1 /* EmptySegue.swift */ = {isa = PBXFileReference; fileEncoding = 4; lastKnownFileType = sourcecode.swift; path = EmptySegue.swift; sourceTree = "<group>"; };
		6C80108C1ECC4DD30014E6E1 /* ContainerViewController.swift */ = {isa = PBXFileReference; fileEncoding = 4; lastKnownFileType = sourcecode.swift; path = ContainerViewController.swift; sourceTree = "<group>"; };
		6CA390711EC94F8F00067B70 /* ShopTableViewCell.swift */ = {isa = PBXFileReference; fileEncoding = 4; lastKnownFileType = sourcecode.swift; path = ShopTableViewCell.swift; sourceTree = "<group>"; };
		6CA745EB1EDFB89A00029834 /* SalesVC.swift */ = {isa = PBXFileReference; fileEncoding = 4; lastKnownFileType = sourcecode.swift; path = SalesVC.swift; sourceTree = "<group>"; };
		6CA745EF1EDFF12100029834 /* SalesItemModel.swift */ = {isa = PBXFileReference; fileEncoding = 4; lastKnownFileType = sourcecode.swift; path = SalesItemModel.swift; sourceTree = "<group>"; };
		6CA745F21EE00AF000029834 /* SalesItemViewCell.swift */ = {isa = PBXFileReference; fileEncoding = 4; lastKnownFileType = sourcecode.swift; path = SalesItemViewCell.swift; sourceTree = "<group>"; };
		6CB20BA41ECD6F6F005761B1 /* ShopMapContainerVC.swift */ = {isa = PBXFileReference; fileEncoding = 4; lastKnownFileType = sourcecode.swift; path = ShopMapContainerVC.swift; sourceTree = "<group>"; };
		6CB589A81EDE93C200D9B759 /* ImageSlideshow.bundle */ = {isa = PBXFileReference; lastKnownFileType = "wrapper.plug-in"; name = ImageSlideshow.bundle; path = framework/ImageSlideshow.bundle; sourceTree = "<group>"; };
		6CB589A91EDE93C200D9B759 /* ImageSlideshow.framework */ = {isa = PBXFileReference; lastKnownFileType = wrapper.framework; name = ImageSlideshow.framework; path = framework/ImageSlideshow.framework; sourceTree = "<group>"; };
		6CCF5EBE1EC2A18800D1CDE7 /* BaseViewController.swift */ = {isa = PBXFileReference; fileEncoding = 4; lastKnownFileType = sourcecode.swift; path = BaseViewController.swift; sourceTree = "<group>"; };
		6CCF5EC01EC2A1D100D1CDE7 /* MenuViewController.swift */ = {isa = PBXFileReference; fileEncoding = 4; lastKnownFileType = sourcecode.swift; path = MenuViewController.swift; sourceTree = "<group>"; };
		6CCF5EC21EC2A24F00D1CDE7 /* HomeVC.swift */ = {isa = PBXFileReference; fileEncoding = 4; lastKnownFileType = sourcecode.swift; path = HomeVC.swift; sourceTree = "<group>"; };
		6CCF5EC41EC2A27900D1CDE7 /* ShopVC.swift */ = {isa = PBXFileReference; fileEncoding = 4; lastKnownFileType = sourcecode.swift; path = ShopVC.swift; sourceTree = "<group>"; };
		6CCF5EC61EC2A5D500D1CDE7 /* WebVC.swift */ = {isa = PBXFileReference; fileEncoding = 4; lastKnownFileType = sourcecode.swift; path = WebVC.swift; sourceTree = "<group>"; };
		6CD772971EC43A7400568288 /* ShopLocModel.swift */ = {isa = PBXFileReference; fileEncoding = 4; lastKnownFileType = sourcecode.swift; path = ShopLocModel.swift; sourceTree = "<group>"; };
		6CD9CF9A1ECE93BC004503C3 /* ShopOneMapVC.swift */ = {isa = PBXFileReference; fileEncoding = 4; lastKnownFileType = sourcecode.swift; path = ShopOneMapVC.swift; sourceTree = "<group>"; };
		6CD9CFA21ECEA0EE004503C3 /* Asset.xcassets */ = {isa = PBXFileReference; lastKnownFileType = folder.assetcatalog; name = Asset.xcassets; path = ../Asset.xcassets; sourceTree = "<group>"; };
		6CDDD54A1ED57D6F007342ED /* NavigationVC.swift */ = {isa = PBXFileReference; fileEncoding = 4; lastKnownFileType = sourcecode.swift; path = NavigationVC.swift; sourceTree = "<group>"; };
		6CE43D301ED92D64009D1010 /* EventViewCell.swift */ = {isa = PBXFileReference; fileEncoding = 4; lastKnownFileType = sourcecode.swift; path = EventViewCell.swift; sourceTree = "<group>"; };
		7E893FD99D266A3C4492BC4F /* Pods-TinTinApp_iOSUITests.debug.xcconfig */ = {isa = PBXFileReference; includeInIndex = 1; lastKnownFileType = text.xcconfig; name = "Pods-TinTinApp_iOSUITests.debug.xcconfig"; path = "Pods/Target Support Files/Pods-TinTinApp_iOSUITests/Pods-TinTinApp_iOSUITests.debug.xcconfig"; sourceTree = "<group>"; };
		864C1E03DCFBAB1B9C1D810B /* Pods-TinTinApp_iOSTests.release.xcconfig */ = {isa = PBXFileReference; includeInIndex = 1; lastKnownFileType = text.xcconfig; name = "Pods-TinTinApp_iOSTests.release.xcconfig"; path = "Pods/Target Support Files/Pods-TinTinApp_iOSTests/Pods-TinTinApp_iOSTests.release.xcconfig"; sourceTree = "<group>"; };
		B16B1731C6C79B7CFE96F8A5 /* Pods-TinTinApp_iOSTests.debug.xcconfig */ = {isa = PBXFileReference; includeInIndex = 1; lastKnownFileType = text.xcconfig; name = "Pods-TinTinApp_iOSTests.debug.xcconfig"; path = "Pods/Target Support Files/Pods-TinTinApp_iOSTests/Pods-TinTinApp_iOSTests.debug.xcconfig"; sourceTree = "<group>"; };
		B409486FD07F07B3A3EB2D25 /* Pods_TinTinApp_iOSUITests.framework */ = {isa = PBXFileReference; explicitFileType = wrapper.framework; includeInIndex = 0; path = Pods_TinTinApp_iOSUITests.framework; sourceTree = BUILT_PRODUCTS_DIR; };
		C8AD537C89C36A857C92AC83 /* Pods-TinTinApp_iOS.release.xcconfig */ = {isa = PBXFileReference; includeInIndex = 1; lastKnownFileType = text.xcconfig; name = "Pods-TinTinApp_iOS.release.xcconfig"; path = "Pods/Target Support Files/Pods-TinTinApp_iOS/Pods-TinTinApp_iOS.release.xcconfig"; sourceTree = "<group>"; };
		DA0787E9A66AA6430727AF39 /* Pods_TinTinApp_iOSTests.framework */ = {isa = PBXFileReference; explicitFileType = wrapper.framework; includeInIndex = 0; path = Pods_TinTinApp_iOSTests.framework; sourceTree = BUILT_PRODUCTS_DIR; };
		FF36E979509732626BF1B784 /* Pods_TinTinApp_iOS.framework */ = {isa = PBXFileReference; explicitFileType = wrapper.framework; includeInIndex = 0; path = Pods_TinTinApp_iOS.framework; sourceTree = BUILT_PRODUCTS_DIR; };
/* End PBXFileReference section */

/* Begin PBXFrameworksBuildPhase section */
		6C004BCD1EC18D5C004BC3A6 /* Frameworks */ = {
			isa = PBXFrameworksBuildPhase;
			buildActionMask = 2147483647;
			files = (
				06843EAE0B97FE50BCA1B7C8 /* Pods_TinTinApp_iOS.framework in Frameworks */,
				6CB589AB1EDE93C200D9B759 /* ImageSlideshow.framework in Frameworks */,
			);
			runOnlyForDeploymentPostprocessing = 0;
		};
		6C004BE11EC18D5D004BC3A6 /* Frameworks */ = {
			isa = PBXFrameworksBuildPhase;
			buildActionMask = 2147483647;
			files = (
				F166A72BAE19FBA124D4C97E /* Pods_TinTinApp_iOSTests.framework in Frameworks */,
			);
			runOnlyForDeploymentPostprocessing = 0;
		};
		6C004BEC1EC18D5D004BC3A6 /* Frameworks */ = {
			isa = PBXFrameworksBuildPhase;
			buildActionMask = 2147483647;
			files = (
				D1AF088E4268D020E18B95A3 /* Pods_TinTinApp_iOSUITests.framework in Frameworks */,
			);
			runOnlyForDeploymentPostprocessing = 0;
		};
/* End PBXFrameworksBuildPhase section */

/* Begin PBXGroup section */
		21C743BB2DA2F2F57661BCA4 /* Pods */ = {
			isa = PBXGroup;
			children = (
				2A6A580ED84BFF3C9BD02E80 /* Pods-TinTinApp_iOS.debug.xcconfig */,
				C8AD537C89C36A857C92AC83 /* Pods-TinTinApp_iOS.release.xcconfig */,
				B16B1731C6C79B7CFE96F8A5 /* Pods-TinTinApp_iOSTests.debug.xcconfig */,
				864C1E03DCFBAB1B9C1D810B /* Pods-TinTinApp_iOSTests.release.xcconfig */,
				7E893FD99D266A3C4492BC4F /* Pods-TinTinApp_iOSUITests.debug.xcconfig */,
				4BA1D1449FF02A7DD7FED737 /* Pods-TinTinApp_iOSUITests.release.xcconfig */,
			);
			name = Pods;
			sourceTree = "<group>";
		};
		64416FC4C25C2D952CEFA5B2 /* Frameworks */ = {
			isa = PBXGroup;
			children = (
				6CB589A81EDE93C200D9B759 /* ImageSlideshow.bundle */,
				6CB589A91EDE93C200D9B759 /* ImageSlideshow.framework */,
				DA0787E9A66AA6430727AF39 /* Pods_TinTinApp_iOSTests.framework */,
				B409486FD07F07B3A3EB2D25 /* Pods_TinTinApp_iOSUITests.framework */,
				FF36E979509732626BF1B784 /* Pods_TinTinApp_iOS.framework */,
			);
			name = Frameworks;
			sourceTree = "<group>";
		};
		6C004BC71EC18D5C004BC3A6 = {
			isa = PBXGroup;
			children = (
				6C004C011EC190C9004BC3A6 /* Podfile */,
				6C004BD21EC18D5C004BC3A6 /* TinTinApp_iOS */,
				6C004BE71EC18D5D004BC3A6 /* TinTinApp_iOSTests */,
				6C004BF21EC18D5D004BC3A6 /* TinTinApp_iOSUITests */,
				6C004BD11EC18D5C004BC3A6 /* Products */,
				21C743BB2DA2F2F57661BCA4 /* Pods */,
				64416FC4C25C2D952CEFA5B2 /* Frameworks */,
			);
			sourceTree = "<group>";
		};
		6C004BD11EC18D5C004BC3A6 /* Products */ = {
			isa = PBXGroup;
			children = (
				6C004BD01EC18D5C004BC3A6 /* TinTinApp_iOS.app */,
				6C004BE41EC18D5D004BC3A6 /* TinTinApp_iOSTests.xctest */,
				6C004BEF1EC18D5D004BC3A6 /* TinTinApp_iOSUITests.xctest */,
			);
			name = Products;
			sourceTree = "<group>";
		};
		6C004BD21EC18D5C004BC3A6 /* TinTinApp_iOS */ = {
			isa = PBXGroup;
			children = (
				6CA745F11EE0069300029834 /* Storyboard */,
				6CDCF0E01ED26B7F009E86B8 /* Utility */,
				6C004BDF1EC18D5C004BC3A6 /* Info.plist */,
				6C004BD31EC18D5C004BC3A6 /* AppDelegate.swift */,
				6CD9CFA21ECEA0EE004503C3 /* Asset.xcassets */,
				6CB20BA11ECD2CAE005761B1 /* ContainerView */,
				6C004C081EC1A631004BC3A6 /* Controller */,
				6CD772961EC43A4100568288 /* Model */,
				6CCF5EC81EC2AFE200D1CDE7 /* Services */,
				6CA390701EC94F5B00067B70 /* ViewCell */,
			);
			path = TinTinApp_iOS;
			sourceTree = "<group>";
		};
		6C004BE71EC18D5D004BC3A6 /* TinTinApp_iOSTests */ = {
			isa = PBXGroup;
			children = (
				6C004BE81EC18D5D004BC3A6 /* TinTinApp_iOSTests.swift */,
				6C004BEA1EC18D5D004BC3A6 /* Info.plist */,
			);
			path = TinTinApp_iOSTests;
			sourceTree = "<group>";
		};
		6C004BF21EC18D5D004BC3A6 /* TinTinApp_iOSUITests */ = {
			isa = PBXGroup;
			children = (
				6C004BF31EC18D5D004BC3A6 /* TinTinApp_iOSUITests.swift */,
				6C004BF51EC18D5D004BC3A6 /* Info.plist */,
			);
			path = TinTinApp_iOSUITests;
			sourceTree = "<group>";
		};
		6C004C081EC1A631004BC3A6 /* Controller */ = {
			isa = PBXGroup;
			children = (
				6C4CF8201ED2CF19008E0A99 /* DMVC.swift */,
				6C4CF80F1ED2BF5D008E0A99 /* EventVC.swift */,
				6CB20BA41ECD6F6F005761B1 /* ShopMapContainerVC.swift */,
				6CCF5EC21EC2A24F00D1CDE7 /* HomeVC.swift */,
				6CCF5EC41EC2A27900D1CDE7 /* ShopVC.swift */,
				6C8010881ECC463A0014E6E1 /* ShopListContainerVC.swift */,
				6CD9CF9A1ECE93BC004503C3 /* ShopOneMapVC.swift */,
				6CCF5EC61EC2A5D500D1CDE7 /* WebVC.swift */,
				6CCF5EBE1EC2A18800D1CDE7 /* BaseViewController.swift */,
				6CCF5EC01EC2A1D100D1CDE7 /* MenuViewController.swift */,
				6CDDD54A1ED57D6F007342ED /* NavigationVC.swift */,
				6CA745EB1EDFB89A00029834 /* SalesVC.swift */,
			);
			name = Controller;
			sourceTree = "<group>";
		};
		6CA390701EC94F5B00067B70 /* ViewCell */ = {
			isa = PBXGroup;
			children = (
				6CA390711EC94F8F00067B70 /* ShopTableViewCell.swift */,
				6CE43D301ED92D64009D1010 /* EventViewCell.swift */,
				6CA745F21EE00AF000029834 /* SalesItemViewCell.swift */,
			);
			name = ViewCell;
			sourceTree = "<group>";
		};
		6CA745F11EE0069300029834 /* Storyboard */ = {
			isa = PBXGroup;
			children = (
				6C004BDC1EC18D5C004BC3A6 /* LaunchScreen.storyboard */,
				6C004BD71EC18D5C004BC3A6 /* Main.storyboard */,
			);
			name = Storyboard;
			sourceTree = "<group>";
		};
		6CB20BA11ECD2CAE005761B1 /* ContainerView */ = {
			isa = PBXGroup;
			children = (
				6C80108C1ECC4DD30014E6E1 /* ContainerViewController.swift */,
				6C80108A1ECC4BA20014E6E1 /* EmptySegue.swift */,
			);
			name = ContainerView;
			sourceTree = "<group>";
		};
		6CCF5EC81EC2AFE200D1CDE7 /* Services */ = {
			isa = PBXGroup;
			children = (
			);
			name = Services;
			sourceTree = "<group>";
		};
		6CD772961EC43A4100568288 /* Model */ = {
			isa = PBXGroup;
			children = (
				6CD772971EC43A7400568288 /* ShopLocModel.swift */,
				6C4CF8111ED2C681008E0A99 /* EventModel.swift */,
				6CA745EF1EDFF12100029834 /* SalesItemModel.swift */,
			);
			name = Model;
			sourceTree = "<group>";
		};
		6CDCF0E01ED26B7F009E86B8 /* Utility */ = {
			isa = PBXGroup;
			children = (
				6C0474FA1ED3CFFE008ECBBB /* Utility.swift */,
			);
			name = Utility;
			sourceTree = "<group>";
		};
/* End PBXGroup section */

/* Begin PBXNativeTarget section */
		6C004BCF1EC18D5C004BC3A6 /* TinTinApp_iOS */ = {
			isa = PBXNativeTarget;
			buildConfigurationList = 6C004BF81EC18D5D004BC3A6 /* Build configuration list for PBXNativeTarget "TinTinApp_iOS" */;
			buildPhases = (
				E5BDE130BC18C522A83F1488 /* [CP] Check Pods Manifest.lock */,
				6C004BCC1EC18D5C004BC3A6 /* Sources */,
				6C004BCD1EC18D5C004BC3A6 /* Frameworks */,
				6C004BCE1EC18D5C004BC3A6 /* Resources */,
				A40FFAF996E7E5128FB8EDE8 /* [CP] Embed Pods Frameworks */,
				F2B0B11C4BF9C2C27E4BDB4B /* [CP] Copy Pods Resources */,
				6CB589AD1EDE93C200D9B759 /* Embed PlugIns */,
				6CB589AE1EDE93C200D9B759 /* Embed Frameworks */,
			);
			buildRules = (
			);
			dependencies = (
			);
			name = TinTinApp_iOS;
			productName = TinTinApp_iOS;
			productReference = 6C004BD01EC18D5C004BC3A6 /* TinTinApp_iOS.app */;
			productType = "com.apple.product-type.application";
		};
		6C004BE31EC18D5D004BC3A6 /* TinTinApp_iOSTests */ = {
			isa = PBXNativeTarget;
			buildConfigurationList = 6C004BFB1EC18D5D004BC3A6 /* Build configuration list for PBXNativeTarget "TinTinApp_iOSTests" */;
			buildPhases = (
				2557A1793FB2971D3940EF5F /* [CP] Check Pods Manifest.lock */,
				6C004BE01EC18D5D004BC3A6 /* Sources */,
				6C004BE11EC18D5D004BC3A6 /* Frameworks */,
				6C004BE21EC18D5D004BC3A6 /* Resources */,
				8DFEE0CCFDB29F752F513729 /* [CP] Embed Pods Frameworks */,
				5D73B583F67DB94321563362 /* [CP] Copy Pods Resources */,
			);
			buildRules = (
			);
			dependencies = (
				6C004BE61EC18D5D004BC3A6 /* PBXTargetDependency */,
			);
			name = TinTinApp_iOSTests;
			productName = TinTinApp_iOSTests;
			productReference = 6C004BE41EC18D5D004BC3A6 /* TinTinApp_iOSTests.xctest */;
			productType = "com.apple.product-type.bundle.unit-test";
		};
		6C004BEE1EC18D5D004BC3A6 /* TinTinApp_iOSUITests */ = {
			isa = PBXNativeTarget;
			buildConfigurationList = 6C004BFE1EC18D5D004BC3A6 /* Build configuration list for PBXNativeTarget "TinTinApp_iOSUITests" */;
			buildPhases = (
				868C29AF28AA4566BD6D3E01 /* [CP] Check Pods Manifest.lock */,
				6C004BEB1EC18D5D004BC3A6 /* Sources */,
				6C004BEC1EC18D5D004BC3A6 /* Frameworks */,
				6C004BED1EC18D5D004BC3A6 /* Resources */,
				8EA3E7E5A68B5C69E3A827EB /* [CP] Embed Pods Frameworks */,
				D9013FD554EC7C4C47204A31 /* [CP] Copy Pods Resources */,
			);
			buildRules = (
			);
			dependencies = (
				6C004BF11EC18D5D004BC3A6 /* PBXTargetDependency */,
			);
			name = TinTinApp_iOSUITests;
			productName = TinTinApp_iOSUITests;
			productReference = 6C004BEF1EC18D5D004BC3A6 /* TinTinApp_iOSUITests.xctest */;
			productType = "com.apple.product-type.bundle.ui-testing";
		};
/* End PBXNativeTarget section */

/* Begin PBXProject section */
		6C004BC81EC18D5C004BC3A6 /* Project object */ = {
			isa = PBXProject;
			attributes = {
				LastSwiftUpdateCheck = 0830;
				LastUpgradeCheck = 0830;
				ORGANIZATIONNAME = "Hsieh Kai Yang";
				TargetAttributes = {
					6C004BCF1EC18D5C004BC3A6 = {
						CreatedOnToolsVersion = 8.3.2;
						DevelopmentTeam = K8MA53M7KR;
						ProvisioningStyle = Automatic;
					};
					6C004BE31EC18D5D004BC3A6 = {
						CreatedOnToolsVersion = 8.3.2;
						DevelopmentTeam = K8MA53M7KR;
						ProvisioningStyle = Automatic;
						TestTargetID = 6C004BCF1EC18D5C004BC3A6;
					};
					6C004BEE1EC18D5D004BC3A6 = {
						CreatedOnToolsVersion = 8.3.2;
						DevelopmentTeam = K8MA53M7KR;
						ProvisioningStyle = Automatic;
						TestTargetID = 6C004BCF1EC18D5C004BC3A6;
					};
				};
			};
			buildConfigurationList = 6C004BCB1EC18D5C004BC3A6 /* Build configuration list for PBXProject "TinTinApp_iOS" */;
			compatibilityVersion = "Xcode 3.2";
			developmentRegion = English;
			hasScannedForEncodings = 0;
			knownRegions = (
				en,
				Base,
			);
			mainGroup = 6C004BC71EC18D5C004BC3A6;
			productRefGroup = 6C004BD11EC18D5C004BC3A6 /* Products */;
			projectDirPath = "";
			projectRoot = "";
			targets = (
				6C004BCF1EC18D5C004BC3A6 /* TinTinApp_iOS */,
				6C004BE31EC18D5D004BC3A6 /* TinTinApp_iOSTests */,
				6C004BEE1EC18D5D004BC3A6 /* TinTinApp_iOSUITests */,
			);
		};
/* End PBXProject section */

/* Begin PBXResourcesBuildPhase section */
		6C004BCE1EC18D5C004BC3A6 /* Resources */ = {
			isa = PBXResourcesBuildPhase;
			buildActionMask = 2147483647;
			files = (
				6C004BDE1EC18D5C004BC3A6 /* LaunchScreen.storyboard in Resources */,
				6C004C021EC190C9004BC3A6 /* Podfile in Resources */,
				6CD9CFA31ECEA0EE004503C3 /* Asset.xcassets in Resources */,
				6C004BD91EC18D5C004BC3A6 /* Main.storyboard in Resources */,
			);
			runOnlyForDeploymentPostprocessing = 0;
		};
		6C004BE21EC18D5D004BC3A6 /* Resources */ = {
			isa = PBXResourcesBuildPhase;
			buildActionMask = 2147483647;
			files = (
			);
			runOnlyForDeploymentPostprocessing = 0;
		};
		6C004BED1EC18D5D004BC3A6 /* Resources */ = {
			isa = PBXResourcesBuildPhase;
			buildActionMask = 2147483647;
			files = (
			);
			runOnlyForDeploymentPostprocessing = 0;
		};
/* End PBXResourcesBuildPhase section */

/* Begin PBXShellScriptBuildPhase section */
		2557A1793FB2971D3940EF5F /* [CP] Check Pods Manifest.lock */ = {
			isa = PBXShellScriptBuildPhase;
			buildActionMask = 2147483647;
			files = (
			);
			inputPaths = (
			);
			name = "[CP] Check Pods Manifest.lock";
			outputPaths = (
			);
			runOnlyForDeploymentPostprocessing = 0;
			shellPath = /bin/sh;
			shellScript = "diff \"${PODS_PODFILE_DIR_PATH}/Podfile.lock\" \"${PODS_ROOT}/Manifest.lock\" > /dev/null\nif [ $? != 0 ] ; then\n    # print error to STDERR\n    echo \"error: The sandbox is not in sync with the Podfile.lock. Run 'pod install' or update your CocoaPods installation.\" >&2\n    exit 1\nfi\n";
			showEnvVarsInLog = 0;
		};
		5D73B583F67DB94321563362 /* [CP] Copy Pods Resources */ = {
			isa = PBXShellScriptBuildPhase;
			buildActionMask = 2147483647;
			files = (
			);
			inputPaths = (
			);
			name = "[CP] Copy Pods Resources";
			outputPaths = (
			);
			runOnlyForDeploymentPostprocessing = 0;
			shellPath = /bin/sh;
			shellScript = "\"${SRCROOT}/Pods/Target Support Files/Pods-TinTinApp_iOSTests/Pods-TinTinApp_iOSTests-resources.sh\"\n";
			showEnvVarsInLog = 0;
		};
		868C29AF28AA4566BD6D3E01 /* [CP] Check Pods Manifest.lock */ = {
			isa = PBXShellScriptBuildPhase;
			buildActionMask = 2147483647;
			files = (
			);
			inputPaths = (
			);
			name = "[CP] Check Pods Manifest.lock";
			outputPaths = (
			);
			runOnlyForDeploymentPostprocessing = 0;
			shellPath = /bin/sh;
			shellScript = "diff \"${PODS_PODFILE_DIR_PATH}/Podfile.lock\" \"${PODS_ROOT}/Manifest.lock\" > /dev/null\nif [ $? != 0 ] ; then\n    # print error to STDERR\n    echo \"error: The sandbox is not in sync with the Podfile.lock. Run 'pod install' or update your CocoaPods installation.\" >&2\n    exit 1\nfi\n";
			showEnvVarsInLog = 0;
		};
		8DFEE0CCFDB29F752F513729 /* [CP] Embed Pods Frameworks */ = {
			isa = PBXShellScriptBuildPhase;
			buildActionMask = 2147483647;
			files = (
			);
			inputPaths = (
			);
			name = "[CP] Embed Pods Frameworks";
			outputPaths = (
			);
			runOnlyForDeploymentPostprocessing = 0;
			shellPath = /bin/sh;
			shellScript = "\"${SRCROOT}/Pods/Target Support Files/Pods-TinTinApp_iOSTests/Pods-TinTinApp_iOSTests-frameworks.sh\"\n";
			showEnvVarsInLog = 0;
		};
		8EA3E7E5A68B5C69E3A827EB /* [CP] Embed Pods Frameworks */ = {
			isa = PBXShellScriptBuildPhase;
			buildActionMask = 2147483647;
			files = (
			);
			inputPaths = (
			);
			name = "[CP] Embed Pods Frameworks";
			outputPaths = (
			);
			runOnlyForDeploymentPostprocessing = 0;
			shellPath = /bin/sh;
			shellScript = "\"${SRCROOT}/Pods/Target Support Files/Pods-TinTinApp_iOSUITests/Pods-TinTinApp_iOSUITests-frameworks.sh\"\n";
			showEnvVarsInLog = 0;
		};
		A40FFAF996E7E5128FB8EDE8 /* [CP] Embed Pods Frameworks */ = {
			isa = PBXShellScriptBuildPhase;
			buildActionMask = 2147483647;
			files = (
			);
			inputPaths = (
			);
			name = "[CP] Embed Pods Frameworks";
			outputPaths = (
			);
			runOnlyForDeploymentPostprocessing = 0;
			shellPath = /bin/sh;
			shellScript = "\"${SRCROOT}/Pods/Target Support Files/Pods-TinTinApp_iOS/Pods-TinTinApp_iOS-frameworks.sh\"\n";
			showEnvVarsInLog = 0;
		};
		D9013FD554EC7C4C47204A31 /* [CP] Copy Pods Resources */ = {
			isa = PBXShellScriptBuildPhase;
			buildActionMask = 2147483647;
			files = (
			);
			inputPaths = (
			);
			name = "[CP] Copy Pods Resources";
			outputPaths = (
			);
			runOnlyForDeploymentPostprocessing = 0;
			shellPath = /bin/sh;
			shellScript = "\"${SRCROOT}/Pods/Target Support Files/Pods-TinTinApp_iOSUITests/Pods-TinTinApp_iOSUITests-resources.sh\"\n";
			showEnvVarsInLog = 0;
		};
		E5BDE130BC18C522A83F1488 /* [CP] Check Pods Manifest.lock */ = {
			isa = PBXShellScriptBuildPhase;
			buildActionMask = 2147483647;
			files = (
			);
			inputPaths = (
			);
			name = "[CP] Check Pods Manifest.lock";
			outputPaths = (
			);
			runOnlyForDeploymentPostprocessing = 0;
			shellPath = /bin/sh;
			shellScript = "diff \"${PODS_PODFILE_DIR_PATH}/Podfile.lock\" \"${PODS_ROOT}/Manifest.lock\" > /dev/null\nif [ $? != 0 ] ; then\n    # print error to STDERR\n    echo \"error: The sandbox is not in sync with the Podfile.lock. Run 'pod install' or update your CocoaPods installation.\" >&2\n    exit 1\nfi\n";
			showEnvVarsInLog = 0;
		};
		F2B0B11C4BF9C2C27E4BDB4B /* [CP] Copy Pods Resources */ = {
			isa = PBXShellScriptBuildPhase;
			buildActionMask = 2147483647;
			files = (
			);
			inputPaths = (
			);
			name = "[CP] Copy Pods Resources";
			outputPaths = (
			);
			runOnlyForDeploymentPostprocessing = 0;
			shellPath = /bin/sh;
			shellScript = "\"${SRCROOT}/Pods/Target Support Files/Pods-TinTinApp_iOS/Pods-TinTinApp_iOS-resources.sh\"\n";
			showEnvVarsInLog = 0;
		};
/* End PBXShellScriptBuildPhase section */

/* Begin PBXSourcesBuildPhase section */
		6C004BCC1EC18D5C004BC3A6 /* Sources */ = {
			isa = PBXSourcesBuildPhase;
			buildActionMask = 2147483647;
			files = (
				6CD772981EC43A7400568288 /* ShopLocModel.swift in Sources */,
				6CD9CF9B1ECE93BC004503C3 /* ShopOneMapVC.swift in Sources */,
				6C0474FB1ED3CFFE008ECBBB /* Utility.swift in Sources */,
				6CDDD54B1ED57D6F007342ED /* NavigationVC.swift in Sources */,
				6CB20BA51ECD6F6F005761B1 /* ShopMapContainerVC.swift in Sources */,
				6CA745F01EDFF12100029834 /* SalesItemModel.swift in Sources */,
				6C4CF8211ED2CF19008E0A99 /* DMVC.swift in Sources */,
				6CA745F31EE00AF000029834 /* SalesItemViewCell.swift in Sources */,
				6CCF5EC31EC2A24F00D1CDE7 /* HomeVC.swift in Sources */,
				6CA390721EC94F8F00067B70 /* ShopTableViewCell.swift in Sources */,
				6C80108B1ECC4BA20014E6E1 /* EmptySegue.swift in Sources */,
				6CCF5EC51EC2A27900D1CDE7 /* ShopVC.swift in Sources */,
				6C8010891ECC463A0014E6E1 /* ShopListContainerVC.swift in Sources */,
				6CE43D311ED92D64009D1010 /* EventViewCell.swift in Sources */,
				6C80108D1ECC4DD30014E6E1 /* ContainerViewController.swift in Sources */,
				6C004BD41EC18D5C004BC3A6 /* AppDelegate.swift in Sources */,
				6CCF5EBF1EC2A18800D1CDE7 /* BaseViewController.swift in Sources */,
				6CCF5EC11EC2A1D100D1CDE7 /* MenuViewController.swift in Sources */,
				6C4CF8101ED2BF5D008E0A99 /* EventVC.swift in Sources */,
				6CA745EC1EDFB89A00029834 /* SalesVC.swift in Sources */,
				6CCF5EC71EC2A5D500D1CDE7 /* WebVC.swift in Sources */,
				6C4CF8121ED2C681008E0A99 /* EventModel.swift in Sources */,
			);
			runOnlyForDeploymentPostprocessing = 0;
		};
		6C004BE01EC18D5D004BC3A6 /* Sources */ = {
			isa = PBXSourcesBuildPhase;
			buildActionMask = 2147483647;
			files = (
				6C004BE91EC18D5D004BC3A6 /* TinTinApp_iOSTests.swift in Sources */,
			);
			runOnlyForDeploymentPostprocessing = 0;
		};
		6C004BEB1EC18D5D004BC3A6 /* Sources */ = {
			isa = PBXSourcesBuildPhase;
			buildActionMask = 2147483647;
			files = (
				6C004BF41EC18D5D004BC3A6 /* TinTinApp_iOSUITests.swift in Sources */,
			);
			runOnlyForDeploymentPostprocessing = 0;
		};
/* End PBXSourcesBuildPhase section */

/* Begin PBXTargetDependency section */
		6C004BE61EC18D5D004BC3A6 /* PBXTargetDependency */ = {
			isa = PBXTargetDependency;
			target = 6C004BCF1EC18D5C004BC3A6 /* TinTinApp_iOS */;
			targetProxy = 6C004BE51EC18D5D004BC3A6 /* PBXContainerItemProxy */;
		};
		6C004BF11EC18D5D004BC3A6 /* PBXTargetDependency */ = {
			isa = PBXTargetDependency;
			target = 6C004BCF1EC18D5C004BC3A6 /* TinTinApp_iOS */;
			targetProxy = 6C004BF01EC18D5D004BC3A6 /* PBXContainerItemProxy */;
		};
/* End PBXTargetDependency section */

/* Begin PBXVariantGroup section */
		6C004BD71EC18D5C004BC3A6 /* Main.storyboard */ = {
			isa = PBXVariantGroup;
			children = (
				6C004BD81EC18D5C004BC3A6 /* Base */,
			);
			name = Main.storyboard;
			sourceTree = "<group>";
		};
		6C004BDC1EC18D5C004BC3A6 /* LaunchScreen.storyboard */ = {
			isa = PBXVariantGroup;
			children = (
				6C004BDD1EC18D5C004BC3A6 /* Base */,
			);
			name = LaunchScreen.storyboard;
			sourceTree = "<group>";
		};
/* End PBXVariantGroup section */

/* Begin XCBuildConfiguration section */
		6C004BF61EC18D5D004BC3A6 /* Debug */ = {
			isa = XCBuildConfiguration;
			buildSettings = {
				ALWAYS_SEARCH_USER_PATHS = NO;
				CLANG_ANALYZER_NONNULL = YES;
				CLANG_ANALYZER_NUMBER_OBJECT_CONVERSION = YES_AGGRESSIVE;
				CLANG_CXX_LANGUAGE_STANDARD = "gnu++0x";
				CLANG_CXX_LIBRARY = "libc++";
				CLANG_ENABLE_MODULES = YES;
				CLANG_ENABLE_OBJC_ARC = YES;
				CLANG_WARN_BOOL_CONVERSION = YES;
				CLANG_WARN_CONSTANT_CONVERSION = YES;
				CLANG_WARN_DIRECT_OBJC_ISA_USAGE = YES_ERROR;
				CLANG_WARN_DOCUMENTATION_COMMENTS = YES;
				CLANG_WARN_EMPTY_BODY = YES;
				CLANG_WARN_ENUM_CONVERSION = YES;
				CLANG_WARN_INFINITE_RECURSION = YES;
				CLANG_WARN_INT_CONVERSION = YES;
				CLANG_WARN_OBJC_ROOT_CLASS = YES_ERROR;
				CLANG_WARN_SUSPICIOUS_MOVE = YES;
				CLANG_WARN_UNREACHABLE_CODE = YES;
				CLANG_WARN__DUPLICATE_METHOD_MATCH = YES;
				"CODE_SIGN_IDENTITY[sdk=iphoneos*]" = "iPhone Developer";
				COPY_PHASE_STRIP = NO;
				DEBUG_INFORMATION_FORMAT = dwarf;
				ENABLE_STRICT_OBJC_MSGSEND = YES;
				ENABLE_TESTABILITY = YES;
				GCC_C_LANGUAGE_STANDARD = gnu99;
				GCC_DYNAMIC_NO_PIC = NO;
				GCC_NO_COMMON_BLOCKS = YES;
				GCC_OPTIMIZATION_LEVEL = 0;
				GCC_PREPROCESSOR_DEFINITIONS = (
					"DEBUG=1",
					"$(inherited)",
				);
				GCC_WARN_64_TO_32_BIT_CONVERSION = YES;
				GCC_WARN_ABOUT_RETURN_TYPE = YES_ERROR;
				GCC_WARN_UNDECLARED_SELECTOR = YES;
				GCC_WARN_UNINITIALIZED_AUTOS = YES_AGGRESSIVE;
				GCC_WARN_UNUSED_FUNCTION = YES;
				GCC_WARN_UNUSED_VARIABLE = YES;
				IPHONEOS_DEPLOYMENT_TARGET = 10.3;
				MTL_ENABLE_DEBUG_INFO = YES;
				ONLY_ACTIVE_ARCH = YES;
				SDKROOT = iphoneos;
				SWIFT_ACTIVE_COMPILATION_CONDITIONS = DEBUG;
				SWIFT_OPTIMIZATION_LEVEL = "-Onone";
				TARGETED_DEVICE_FAMILY = "1,2";
				VALID_ARCHS = "arm64 armv7 armv7s";
			};
			name = Debug;
		};
		6C004BF71EC18D5D004BC3A6 /* Release */ = {
			isa = XCBuildConfiguration;
			buildSettings = {
				ALWAYS_SEARCH_USER_PATHS = NO;
				CLANG_ANALYZER_NONNULL = YES;
				CLANG_ANALYZER_NUMBER_OBJECT_CONVERSION = YES_AGGRESSIVE;
				CLANG_CXX_LANGUAGE_STANDARD = "gnu++0x";
				CLANG_CXX_LIBRARY = "libc++";
				CLANG_ENABLE_MODULES = YES;
				CLANG_ENABLE_OBJC_ARC = YES;
				CLANG_WARN_BOOL_CONVERSION = YES;
				CLANG_WARN_CONSTANT_CONVERSION = YES;
				CLANG_WARN_DIRECT_OBJC_ISA_USAGE = YES_ERROR;
				CLANG_WARN_DOCUMENTATION_COMMENTS = YES;
				CLANG_WARN_EMPTY_BODY = YES;
				CLANG_WARN_ENUM_CONVERSION = YES;
				CLANG_WARN_INFINITE_RECURSION = YES;
				CLANG_WARN_INT_CONVERSION = YES;
				CLANG_WARN_OBJC_ROOT_CLASS = YES_ERROR;
				CLANG_WARN_SUSPICIOUS_MOVE = YES;
				CLANG_WARN_UNREACHABLE_CODE = YES;
				CLANG_WARN__DUPLICATE_METHOD_MATCH = YES;
				"CODE_SIGN_IDENTITY[sdk=iphoneos*]" = "iPhone Developer";
				COPY_PHASE_STRIP = NO;
				DEBUG_INFORMATION_FORMAT = "dwarf-with-dsym";
				ENABLE_NS_ASSERTIONS = NO;
				ENABLE_STRICT_OBJC_MSGSEND = YES;
				GCC_C_LANGUAGE_STANDARD = gnu99;
				GCC_NO_COMMON_BLOCKS = YES;
				GCC_WARN_64_TO_32_BIT_CONVERSION = YES;
				GCC_WARN_ABOUT_RETURN_TYPE = YES_ERROR;
				GCC_WARN_UNDECLARED_SELECTOR = YES;
				GCC_WARN_UNINITIALIZED_AUTOS = YES_AGGRESSIVE;
				GCC_WARN_UNUSED_FUNCTION = YES;
				GCC_WARN_UNUSED_VARIABLE = YES;
				IPHONEOS_DEPLOYMENT_TARGET = 10.3;
				MTL_ENABLE_DEBUG_INFO = NO;
				SDKROOT = iphoneos;
				SWIFT_OPTIMIZATION_LEVEL = "-Owholemodule";
				TARGETED_DEVICE_FAMILY = "1,2";
				VALIDATE_PRODUCT = YES;
				VALID_ARCHS = "arm64 armv7 armv7s";
			};
			name = Release;
		};
		6C004BF91EC18D5D004BC3A6 /* Debug */ = {
			isa = XCBuildConfiguration;
			baseConfigurationReference = 2A6A580ED84BFF3C9BD02E80 /* Pods-TinTinApp_iOS.debug.xcconfig */;
			buildSettings = {
				ASSETCATALOG_COMPILER_APPICON_NAME = AppIcon;
				ASSETCATALOG_COMPILER_LAUNCHIMAGE_NAME = LaunchImage;
				DEVELOPMENT_TEAM = K8MA53M7KR;
				FRAMEWORK_SEARCH_PATHS = (
					"$(inherited)",
					"$(PROJECT_DIR)/framework",
					"$(PROJECT_DIR)/framework/SDWebImage",
					"$(PROJECT_DIR)/framework/ImageSlideshow",
					"$(PROJECT_DIR)/framework/AFNetworking",
					"$(PROJECT_DIR)/framework/ImageslideView",
				);
				INFOPLIST_FILE = TinTinApp_iOS/Info.plist;
				IPHONEOS_DEPLOYMENT_TARGET = 10.0;
				LD_RUNPATH_SEARCH_PATHS = "$(inherited) @executable_path/Frameworks";
				PRODUCT_BUNDLE_IDENTIFIER = "com.tintin.TinTinApp-iOS";
				PRODUCT_NAME = "$(TARGET_NAME)";
				SWIFT_VERSION = 3.0;
				VALID_ARCHS = "arm64 armv7 armv7s";
			};
			name = Debug;
		};
		6C004BFA1EC18D5D004BC3A6 /* Release */ = {
			isa = XCBuildConfiguration;
			baseConfigurationReference = C8AD537C89C36A857C92AC83 /* Pods-TinTinApp_iOS.release.xcconfig */;
			buildSettings = {
				ASSETCATALOG_COMPILER_APPICON_NAME = AppIcon;
				ASSETCATALOG_COMPILER_LAUNCHIMAGE_NAME = LaunchImage;
				DEVELOPMENT_TEAM = K8MA53M7KR;
				FRAMEWORK_SEARCH_PATHS = (
					"$(inherited)",
					"$(PROJECT_DIR)/framework",
					"$(PROJECT_DIR)/framework/SDWebImage",
					"$(PROJECT_DIR)/framework/ImageSlideshow",
					"$(PROJECT_DIR)/framework/AFNetworking",
					"$(PROJECT_DIR)/framework/ImageslideView",
				);
				INFOPLIST_FILE = TinTinApp_iOS/Info.plist;
				IPHONEOS_DEPLOYMENT_TARGET = 10.0;
				LD_RUNPATH_SEARCH_PATHS = "$(inherited) @executable_path/Frameworks";
				ONLY_ACTIVE_ARCH = YES;
				PRODUCT_BUNDLE_IDENTIFIER = "com.tintin.TinTinApp-iOS";
				PRODUCT_NAME = "$(TARGET_NAME)";
				SWIFT_VERSION = 3.0;
				VALID_ARCHS = "arm64 armv7 armv7s";
			};
			name = Release;
		};
		6C004BFC1EC18D5D004BC3A6 /* Debug */ = {
			isa = XCBuildConfiguration;
			baseConfigurationReference = B16B1731C6C79B7CFE96F8A5 /* Pods-TinTinApp_iOSTests.debug.xcconfig */;
			buildSettings = {
				ALWAYS_EMBED_SWIFT_STANDARD_LIBRARIES = YES;
				BUNDLE_LOADER = "$(TEST_HOST)";
				DEVELOPMENT_TEAM = K8MA53M7KR;
				INFOPLIST_FILE = TinTinApp_iOSTests/Info.plist;
				LD_RUNPATH_SEARCH_PATHS = "$(inherited) @executable_path/Frameworks @loader_path/Frameworks";
				PRODUCT_BUNDLE_IDENTIFIER = "com.tintin.TinTinApp-iOSTests";
				PRODUCT_NAME = "$(TARGET_NAME)";
				SWIFT_VERSION = 3.0;
				TEST_HOST = "$(BUILT_PRODUCTS_DIR)/TinTinApp_iOS.app/TinTinApp_iOS";
			};
			name = Debug;
		};
		6C004BFD1EC18D5D004BC3A6 /* Release */ = {
			isa = XCBuildConfiguration;
			baseConfigurationReference = 864C1E03DCFBAB1B9C1D810B /* Pods-TinTinApp_iOSTests.release.xcconfig */;
			buildSettings = {
				ALWAYS_EMBED_SWIFT_STANDARD_LIBRARIES = YES;
				BUNDLE_LOADER = "$(TEST_HOST)";
				DEVELOPMENT_TEAM = K8MA53M7KR;
				INFOPLIST_FILE = TinTinApp_iOSTests/Info.plist;
				LD_RUNPATH_SEARCH_PATHS = "$(inherited) @executable_path/Frameworks @loader_path/Frameworks";
				PRODUCT_BUNDLE_IDENTIFIER = "com.tintin.TinTinApp-iOSTests";
				PRODUCT_NAME = "$(TARGET_NAME)";
				SWIFT_VERSION = 3.0;
				TEST_HOST = "$(BUILT_PRODUCTS_DIR)/TinTinApp_iOS.app/TinTinApp_iOS";
			};
			name = Release;
		};
		6C004BFF1EC18D5D004BC3A6 /* Debug */ = {
			isa = XCBuildConfiguration;
			baseConfigurationReference = 7E893FD99D266A3C4492BC4F /* Pods-TinTinApp_iOSUITests.debug.xcconfig */;
			buildSettings = {
				ALWAYS_EMBED_SWIFT_STANDARD_LIBRARIES = YES;
				DEVELOPMENT_TEAM = K8MA53M7KR;
				INFOPLIST_FILE = TinTinApp_iOSUITests/Info.plist;
				LD_RUNPATH_SEARCH_PATHS = "$(inherited) @executable_path/Frameworks @loader_path/Frameworks";
				PRODUCT_BUNDLE_IDENTIFIER = "com.tintin.TinTinApp-iOSUITests";
				PRODUCT_NAME = "$(TARGET_NAME)";
				SWIFT_VERSION = 3.0;
				TEST_TARGET_NAME = TinTinApp_iOS;
			};
			name = Debug;
		};
		6C004C001EC18D5D004BC3A6 /* Release */ = {
			isa = XCBuildConfiguration;
			baseConfigurationReference = 4BA1D1449FF02A7DD7FED737 /* Pods-TinTinApp_iOSUITests.release.xcconfig */;
			buildSettings = {
				ALWAYS_EMBED_SWIFT_STANDARD_LIBRARIES = YES;
				DEVELOPMENT_TEAM = K8MA53M7KR;
				INFOPLIST_FILE = TinTinApp_iOSUITests/Info.plist;
				LD_RUNPATH_SEARCH_PATHS = "$(inherited) @executable_path/Frameworks @loader_path/Frameworks";
				PRODUCT_BUNDLE_IDENTIFIER = "com.tintin.TinTinApp-iOSUITests";
				PRODUCT_NAME = "$(TARGET_NAME)";
				SWIFT_VERSION = 3.0;
				TEST_TARGET_NAME = TinTinApp_iOS;
			};
			name = Release;
		};
/* End XCBuildConfiguration section */

/* Begin XCConfigurationList section */
		6C004BCB1EC18D5C004BC3A6 /* Build configuration list for PBXProject "TinTinApp_iOS" */ = {
			isa = XCConfigurationList;
			buildConfigurations = (
				6C004BF61EC18D5D004BC3A6 /* Debug */,
				6C004BF71EC18D5D004BC3A6 /* Release */,
			);
			defaultConfigurationIsVisible = 0;
			defaultConfigurationName = Release;
		};
		6C004BF81EC18D5D004BC3A6 /* Build configuration list for PBXNativeTarget "TinTinApp_iOS" */ = {
			isa = XCConfigurationList;
			buildConfigurations = (
				6C004BF91EC18D5D004BC3A6 /* Debug */,
				6C004BFA1EC18D5D004BC3A6 /* Release */,
			);
			defaultConfigurationIsVisible = 0;
			defaultConfigurationName = Release;
		};
		6C004BFB1EC18D5D004BC3A6 /* Build configuration list for PBXNativeTarget "TinTinApp_iOSTests" */ = {
			isa = XCConfigurationList;
			buildConfigurations = (
				6C004BFC1EC18D5D004BC3A6 /* Debug */,
				6C004BFD1EC18D5D004BC3A6 /* Release */,
			);
			defaultConfigurationIsVisible = 0;
			defaultConfigurationName = Release;
		};
		6C004BFE1EC18D5D004BC3A6 /* Build configuration list for PBXNativeTarget "TinTinApp_iOSUITests" */ = {
			isa = XCConfigurationList;
			buildConfigurations = (
				6C004BFF1EC18D5D004BC3A6 /* Debug */,
				6C004C001EC18D5D004BC3A6 /* Release */,
			);
			defaultConfigurationIsVisible = 0;
			defaultConfigurationName = Release;
		};
/* End XCConfigurationList section */
	};
	rootObject = 6C004BC81EC18D5C004BC3A6 /* Project object */;
}
